
Microsoft Visual Studio Solution File, Format Version 12.00
# Visual Studio Version 17
VisualStudioVersion = 17.1.32414.318
MinimumVisualStudioVersion = 10.0.40219.1
Project("{FAE04EC0-301F-11D3-BF4B-00C04F79EFBC}") = "Venta_8_Julio", "Venta_8_Julio.csproj", "{1ECDDF51-97BA-4AEE-8FD9-FB341DB5EFC2}"
EndProject
Global
	GlobalSection(SolutionConfigurationPlatforms) = preSolution
		Debug|Any CPU = Debug|Any CPU
		Release|Any CPU = Release|Any CPU
	EndGlobalSection
	GlobalSection(ProjectConfigurationPlatforms) = postSolution
		{1ECDDF51-97BA-4AEE-8FD9-FB341DB5EFC2}.Debug|Any CPU.ActiveCfg = Debug|Any CPU
		{1ECDDF51-97BA-4AEE-8FD9-FB341DB5EFC2}.Debug|Any CPU.Build.0 = Debug|Any CPU
		{1ECDDF51-97BA-4AEE-8FD9-FB341DB5EFC2}.Release|Any CPU.ActiveCfg = Release|Any CPU
		{1ECDDF51-97BA-4AEE-8FD9-FB341DB5EFC2}.Release|Any CPU.Build.0 = Release|Any CPU
	EndGlobalSection
	GlobalSection(SolutionProperties) = preSolution
		HideSolutionNode = FALSE
	EndGlobalSection
	GlobalSection(ExtensibilityGlobals) = postSolution
		SolutionGuid = {19CF64BE-2632-478D-96DC-716875BA12C7}
	EndGlobalSection
EndGlobal
